
Microsoft Visual Studio Solution File, Format Version 12.00
# Visual Studio Version 16
VisualStudioVersion = 16.0.31624.102
MinimumVisualStudioVersion = 10.0.40219.1
Project("{F184B08F-C81C-45F6-A57F-5ABD9991F28F}") = "Fase4_SebastianGuarin", "Fase4_SebastianGuarin\Fase4_SebastianGuarin.vbproj", "{0A6440CA-C862-44AD-B27F-9F2510001D39}"
EndProject
Global
	GlobalSection(SolutionConfigurationPlatforms) = preSolution
		Debug|Any CPU = Debug|Any CPU
		Release|Any CPU = Release|Any CPU
	EndGlobalSection
	GlobalSection(ProjectConfigurationPlatforms) = postSolution
		{0A6440CA-C862-44AD-B27F-9F2510001D39}.Debug|Any CPU.ActiveCfg = Debug|Any CPU
		{0A6440CA-C862-44AD-B27F-9F2510001D39}.Debug|Any CPU.Build.0 = Debug|Any CPU
		{0A6440CA-C862-44AD-B27F-9F2510001D39}.Release|Any CPU.ActiveCfg = Release|Any CPU
		{0A6440CA-C862-44AD-B27F-9F2510001D39}.Release|Any CPU.Build.0 = Release|Any CPU
	EndGlobalSection
	GlobalSection(SolutionProperties) = preSolution
		HideSolutionNode = FALSE
	EndGlobalSection
	GlobalSection(ExtensibilityGlobals) = postSolution
		SolutionGuid = {BB7003EC-1699-4BFD-B459-1593F3E23A2A}
	EndGlobalSection
EndGlobal
